
Microsoft Visual Studio Solution File, Format Version 12.00
# Visual Studio Version 17
VisualStudioVersion = 17.9.34902.65
MinimumVisualStudioVersion = 10.0.40219.1
Project("{9A19103F-16F7-4668-BE54-9A1E7A4F7556}") = "DotNetCodeChallenges", "DotNetCodeChallenges\DotNetCodeChallenges.csproj", "{0DCB2959-392A-4303-AE50-5DAFA78FF539}"
EndProject
Project("{9A19103F-16F7-4668-BE54-9A1E7A4F7556}") = "DotNetCodeChallenges.Services", "DotNetCodeChallenges.Services\DotNetCodeChallenges.Services.csproj", "{EB6F1014-DEFA-4BDE-BB7F-94BC1901AA5D}"
EndProject
Project("{9A19103F-16F7-4668-BE54-9A1E7A4F7556}") = "DotNetCodeChallenges.Tests", "DotNetCodeChallenges.Test\DotNetCodeChallenges.Tests.csproj", "{08D2687B-4179-41B3-93EA-C2A12ED62A1D}"
EndProject
Project("{FAE04EC0-301F-11D3-BF4B-00C04F79EFBC}") = "DotNetCodeChallenges.Performance", "DotNetCodeChallenges.Performance\DotNetCodeChallenges.Performance.csproj", "{E426E93E-A6A3-4B05-A6B6-2C343945F14A}"
EndProject
Global
	GlobalSection(SolutionConfigurationPlatforms) = preSolution
		Debug|Any CPU = Debug|Any CPU
		Release|Any CPU = Release|Any CPU
	EndGlobalSection
	GlobalSection(ProjectConfigurationPlatforms) = postSolution
		{0DCB2959-392A-4303-AE50-5DAFA78FF539}.Debug|Any CPU.ActiveCfg = Debug|Any CPU
		{0DCB2959-392A-4303-AE50-5DAFA78FF539}.Debug|Any CPU.Build.0 = Debug|Any CPU
		{0DCB2959-392A-4303-AE50-5DAFA78FF539}.Release|Any CPU.ActiveCfg = Release|Any CPU
		{0DCB2959-392A-4303-AE50-5DAFA78FF539}.Release|Any CPU.Build.0 = Release|Any CPU
		{EB6F1014-DEFA-4BDE-BB7F-94BC1901AA5D}.Debug|Any CPU.ActiveCfg = Debug|Any CPU
		{EB6F1014-DEFA-4BDE-BB7F-94BC1901AA5D}.Debug|Any CPU.Build.0 = Debug|Any CPU
		{EB6F1014-DEFA-4BDE-BB7F-94BC1901AA5D}.Release|Any CPU.ActiveCfg = Release|Any CPU
		{EB6F1014-DEFA-4BDE-BB7F-94BC1901AA5D}.Release|Any CPU.Build.0 = Release|Any CPU
		{08D2687B-4179-41B3-93EA-C2A12ED62A1D}.Debug|Any CPU.ActiveCfg = Debug|Any CPU
		{08D2687B-4179-41B3-93EA-C2A12ED62A1D}.Debug|Any CPU.Build.0 = Debug|Any CPU
		{08D2687B-4179-41B3-93EA-C2A12ED62A1D}.Release|Any CPU.ActiveCfg = Release|Any CPU
		{08D2687B-4179-41B3-93EA-C2A12ED62A1D}.Release|Any CPU.Build.0 = Release|Any CPU
		{E426E93E-A6A3-4B05-A6B6-2C343945F14A}.Debug|Any CPU.ActiveCfg = Debug|Any CPU
		{E426E93E-A6A3-4B05-A6B6-2C343945F14A}.Debug|Any CPU.Build.0 = Debug|Any CPU
		{E426E93E-A6A3-4B05-A6B6-2C343945F14A}.Release|Any CPU.ActiveCfg = Release|Any CPU
		{E426E93E-A6A3-4B05-A6B6-2C343945F14A}.Release|Any CPU.Build.0 = Release|Any CPU
	EndGlobalSection
	GlobalSection(SolutionProperties) = preSolution
		HideSolutionNode = FALSE
	EndGlobalSection
	GlobalSection(ExtensibilityGlobals) = postSolution
		SolutionGuid = {B1453033-EF35-4B61-9790-4CD98177A903}
	EndGlobalSection
EndGlobal
